Microsoft Visual Studio Solution File, Format Version 12.00
# Visual Studio Version 17
VisualStudioVersion = 17.1.32319.34
MinimumVisualStudioVersion = 10.0.40219.1
Project("{FAE04EC0-301F-11D3-BF4B-00C04F79EFBC}") = "Dron's Unlocker_protected_dump.dem.justify", "Dron's Unlocker_protected_dump.dem.justify.csproj", "{8D588652-20E4-4057-ABDE-041228C8577D}"
EndProject
Global
	GlobalSection(SolutionConfigurationPlatforms) = preSolution
		a|Any CPU = a|Any CPU
		a|x64 = a|x64
		Debug|Any CPU = Debug|Any CPU
		Debug|x64 = Debug|x64
		Release|Any CPU = Release|Any CPU
		Release|x64 = Release|x64
	EndGlobalSection
	GlobalSection(ProjectConfigurationPlatforms) = postSolution
		{8D588652-20E4-4057-ABDE-041228C8577D}.a|Any CPU.ActiveCfg = a|Any CPU
		{8D588652-20E4-4057-ABDE-041228C8577D}.a|Any CPU.Build.0 = a|Any CPU
		{8D588652-20E4-4057-ABDE-041228C8577D}.a|x64.ActiveCfg = Release|x64
		{8D588652-20E4-4057-ABDE-041228C8577D}.a|x64.Build.0 = Release|x64
		{8D588652-20E4-4057-ABDE-041228C8577D}.Debug|Any CPU.ActiveCfg = Debug|Any CPU
		{8D588652-20E4-4057-ABDE-041228C8577D}.Debug|Any CPU.Build.0 = Debug|Any CPU
		{8D588652-20E4-4057-ABDE-041228C8577D}.Debug|x64.ActiveCfg = Debug|x64
		{8D588652-20E4-4057-ABDE-041228C8577D}.Debug|x64.Build.0 = Debug|x64
		{8D588652-20E4-4057-ABDE-041228C8577D}.Release|Any CPU.ActiveCfg = Release|Any CPU
		{8D588652-20E4-4057-ABDE-041228C8577D}.Release|Any CPU.Build.0 = Release|Any CPU
		{8D588652-20E4-4057-ABDE-041228C8577D}.Release|x64.ActiveCfg = Release|Any CPU
		{8D588652-20E4-4057-ABDE-041228C8577D}.Release|x64.Build.0 = Release|Any CPU
	EndGlobalSection
	GlobalSection(SolutionProperties) = preSolution
		HideSolutionNode = FALSE
	EndGlobalSection
	GlobalSection(ExtensibilityGlobals) = postSolution
		SolutionGuid = {BBA970D6-4DF1-4131-B3F3-6A487F6A62FF}
	EndGlobalSection
EndGlobal
